// !$*UTF8*$!
{
	archiveVersion = 1;
	classes = {
	};
	objectVersion = 50;
	objects = {

/* Begin PBXBuildFile section */
		CE1AE6402408147600BDA566 /* Node.swift in Sources */ = {isa = PBXBuildFile; fileRef = CE1AE63F2408147600BDA566 /* Node.swift */; };
		CE1AE6422408152300BDA566 /* NodeState.swift in Sources */ = {isa = PBXBuildFile; fileRef = CE1AE6412408152300BDA566 /* NodeState.swift */; };
		CE1AE644240815DE00BDA566 /* SeaState.swift in Sources */ = {isa = PBXBuildFile; fileRef = CE1AE643240815DE00BDA566 /* SeaState.swift */; };
		CE1AE646240815F800BDA566 /* PrepareState.swift in Sources */ = {isa = PBXBuildFile; fileRef = CE1AE645240815F800BDA566 /* PrepareState.swift */; };
		CE1AE6482408162D00BDA566 /* DesertState.swift in Sources */ = {isa = PBXBuildFile; fileRef = CE1AE6472408162D00BDA566 /* DesertState.swift */; };
		CE1AE64A2408166100BDA566 /* GreenState.swift in Sources */ = {isa = PBXBuildFile; fileRef = CE1AE6492408166100BDA566 /* GreenState.swift */; };
		CE1AE64C2408167100BDA566 /* ForestState.swift in Sources */ = {isa = PBXBuildFile; fileRef = CE1AE64B2408167100BDA566 /* ForestState.swift */; };
		CE9D6B432407BC8700946A7C /* App.swift in Sources */ = {isa = PBXBuildFile; fileRef = CE9D6B422407BC8700946A7C /* App.swift */; };
		CE9D6B452407BC8700946A7C /* Window.swift in Sources */ = {isa = PBXBuildFile; fileRef = CE9D6B442407BC8700946A7C /* Window.swift */; };
		CE9D6B472407BC8700946A7C /* Assets.xcassets in Resources */ = {isa = PBXBuildFile; fileRef = CE9D6B462407BC8700946A7C /* Assets.xcassets */; };
		CE9D6B552407C33600946A7C /* View.swift in Sources */ = {isa = PBXBuildFile; fileRef = CE9D6B542407C33600946A7C /* View.swift */; };
		CE9D6B572407C5C300946A7C /* StartState.swift in Sources */ = {isa = PBXBuildFile; fileRef = CE9D6B562407C5C300946A7C /* StartState.swift */; };
		CE9D6B592407C9CD00946A7C /* PlayState.swift in Sources */ = {isa = PBXBuildFile; fileRef = CE9D6B582407C9CD00946A7C /* PlayState.swift */; };
		CE9D6B5B2407CAB700946A7C /* StartScene.swift in Sources */ = {isa = PBXBuildFile; fileRef = CE9D6B5A2407CAB700946A7C /* StartScene.swift */; };
		CE9D6B5E2407CB5100946A7C /* Localizable.strings in Resources */ = {isa = PBXBuildFile; fileRef = CE9D6B5C2407CB5100946A7C /* Localizable.strings */; };
		CE9D6B602407CC8A00946A7C /* State.swift in Sources */ = {isa = PBXBuildFile; fileRef = CE9D6B5F2407CC8A00946A7C /* State.swift */; };
		CE9D6B622407D0A600946A7C /* PlayScene.swift in Sources */ = {isa = PBXBuildFile; fileRef = CE9D6B612407D0A600946A7C /* PlayScene.swift */; };
		CE9D6B642407D1AB00946A7C /* PlayScene.sks in Resources */ = {isa = PBXBuildFile; fileRef = CE9D6B632407D1AB00946A7C /* PlayScene.sks */; };
		CEF4D8C22407DFB40004FAE9 /* Tiles.sks in Resources */ = {isa = PBXBuildFile; fileRef = CEF4D8C12407DFB40004FAE9 /* Tiles.sks */; };
/* End PBXBuildFile section */

/* Begin PBXFileReference section */
		CE1AE63F2408147600BDA566 /* Node.swift */ = {isa = PBXFileReference; lastKnownFileType = sourcecode.swift; path = Node.swift; sourceTree = "<group>"; };
		CE1AE6412408152300BDA566 /* NodeState.swift */ = {isa = PBXFileReference; lastKnownFileType = sourcecode.swift; path = NodeState.swift; sourceTree = "<group>"; };
		CE1AE643240815DE00BDA566 /* SeaState.swift */ = {isa = PBXFileReference; lastKnownFileType = sourcecode.swift; path = SeaState.swift; sourceTree = "<group>"; };
		CE1AE645240815F800BDA566 /* PrepareState.swift */ = {isa = PBXFileReference; lastKnownFileType = sourcecode.swift; path = PrepareState.swift; sourceTree = "<group>"; };
		CE1AE6472408162D00BDA566 /* DesertState.swift */ = {isa = PBXFileReference; lastKnownFileType = sourcecode.swift; path = DesertState.swift; sourceTree = "<group>"; };
		CE1AE6492408166100BDA566 /* GreenState.swift */ = {isa = PBXFileReference; lastKnownFileType = sourcecode.swift; path = GreenState.swift; sourceTree = "<group>"; };
		CE1AE64B2408167100BDA566 /* ForestState.swift */ = {isa = PBXFileReference; lastKnownFileType = sourcecode.swift; path = ForestState.swift; sourceTree = "<group>"; };
		CE9D6B422407BC8700946A7C /* App.swift */ = {isa = PBXFileReference; lastKnownFileType = sourcecode.swift; path = App.swift; sourceTree = "<group>"; };
		CE9D6B442407BC8700946A7C /* Window.swift */ = {isa = PBXFileReference; lastKnownFileType = sourcecode.swift; path = Window.swift; sourceTree = "<group>"; };
		CE9D6B462407BC8700946A7C /* Assets.xcassets */ = {isa = PBXFileReference; lastKnownFileType = folder.assetcatalog; path = Assets.xcassets; sourceTree = "<group>"; };
		CE9D6B4B2407BC8700946A7C /* Info.plist */ = {isa = PBXFileReference; lastKnownFileType = text.plist.xml; path = Info.plist; sourceTree = "<group>"; };
		CE9D6B4C2407BC8700946A7C /* macOS.entitlements */ = {isa = PBXFileReference; lastKnownFileType = text.plist.entitlements; path = macOS.entitlements; sourceTree = "<group>"; };
		CE9D6B502407BCB400946A7C /* Deforestation.app */ = {isa = PBXFileReference; explicitFileType = wrapper.application; includeInIndex = 0; path = Deforestation.app; sourceTree = BUILT_PRODUCTS_DIR; };
		CE9D6B512407BCF100946A7C /* LICENSE */ = {isa = PBXFileReference; lastKnownFileType = text; path = LICENSE; sourceTree = "<group>"; };
		CE9D6B522407BCF100946A7C /* README.md */ = {isa = PBXFileReference; lastKnownFileType = net.daringfireball.markdown; path = README.md; sourceTree = "<group>"; };
		CE9D6B532407BCF100946A7C /* .gitignore */ = {isa = PBXFileReference; lastKnownFileType = text; path = .gitignore; sourceTree = "<group>"; };
		CE9D6B542407C33600946A7C /* View.swift */ = {isa = PBXFileReference; lastKnownFileType = sourcecode.swift; path = View.swift; sourceTree = "<group>"; };
		CE9D6B562407C5C300946A7C /* StartState.swift */ = {isa = PBXFileReference; lastKnownFileType = sourcecode.swift; path = StartState.swift; sourceTree = "<group>"; };
		CE9D6B582407C9CD00946A7C /* PlayState.swift */ = {isa = PBXFileReference; lastKnownFileType = sourcecode.swift; path = PlayState.swift; sourceTree = "<group>"; };
		CE9D6B5A2407CAB700946A7C /* StartScene.swift */ = {isa = PBXFileReference; lastKnownFileType = sourcecode.swift; path = StartScene.swift; sourceTree = "<group>"; };
		CE9D6B5D2407CB5100946A7C /* Base */ = {isa = PBXFileReference; lastKnownFileType = text.plist.strings; name = Base; path = Base.lproj/Localizable.strings; sourceTree = "<group>"; };
		CE9D6B5F2407CC8A00946A7C /* State.swift */ = {isa = PBXFileReference; lastKnownFileType = sourcecode.swift; path = State.swift; sourceTree = "<group>"; };
		CE9D6B612407D0A600946A7C /* PlayScene.swift */ = {isa = PBXFileReference; lastKnownFileType = sourcecode.swift; path = PlayScene.swift; sourceTree = "<group>"; };
		CE9D6B632407D1AB00946A7C /* PlayScene.sks */ = {isa = PBXFileReference; lastKnownFileType = file.sks; path = PlayScene.sks; sourceTree = "<group>"; };
		CEF4D8C12407DFB40004FAE9 /* Tiles.sks */ = {isa = PBXFileReference; lastKnownFileType = file.sks; path = Tiles.sks; sourceTree = "<group>"; };
/* End PBXFileReference section */

/* Begin PBXFrameworksBuildPhase section */
		CE9D6B3C2407BC8700946A7C /* Frameworks */ = {
			isa = PBXFrameworksBuildPhase;
			buildActionMask = 2147483647;
			files = (
			);
			runOnlyForDeploymentPostprocessing = 0;
		};
/* End PBXFrameworksBuildPhase section */

/* Begin PBXGroup section */
		CE9D6B342407BC7200946A7C = {
			isa = PBXGroup;
			children = (
				CE9D6B532407BCF100946A7C /* .gitignore */,
				CE9D6B512407BCF100946A7C /* LICENSE */,
				CE9D6B502407BCB400946A7C /* Deforestation.app */,
				CE9D6B522407BCF100946A7C /* README.md */,
				CE9D6B412407BC8700946A7C /* macOS */,
			);
			sourceTree = "<group>";
		};
		CE9D6B412407BC8700946A7C /* macOS */ = {
			isa = PBXGroup;
			children = (
				CE9D6B4C2407BC8700946A7C /* macOS.entitlements */,
				CE9D6B4B2407BC8700946A7C /* Info.plist */,
				CE9D6B632407D1AB00946A7C /* PlayScene.sks */,
				CEF4D8C12407DFB40004FAE9 /* Tiles.sks */,
				CE9D6B422407BC8700946A7C /* App.swift */,
				CE1AE6472408162D00BDA566 /* DesertState.swift */,
				CE1AE64B2408167100BDA566 /* ForestState.swift */,
				CE1AE6492408166100BDA566 /* GreenState.swift */,
				CE1AE63F2408147600BDA566 /* Node.swift */,
				CE1AE6412408152300BDA566 /* NodeState.swift */,
				CE9D6B612407D0A600946A7C /* PlayScene.swift */,
				CE9D6B582407C9CD00946A7C /* PlayState.swift */,
				CE1AE645240815F800BDA566 /* PrepareState.swift */,
				CE1AE643240815DE00BDA566 /* SeaState.swift */,
				CE9D6B5A2407CAB700946A7C /* StartScene.swift */,
				CE9D6B562407C5C300946A7C /* StartState.swift */,
				CE9D6B5F2407CC8A00946A7C /* State.swift */,
				CE9D6B542407C33600946A7C /* View.swift */,
				CE9D6B442407BC8700946A7C /* Window.swift */,
				CE9D6B462407BC8700946A7C /* Assets.xcassets */,
				CE9D6B5C2407CB5100946A7C /* Localizable.strings */,
			);
			path = macOS;
			sourceTree = "<group>";
		};
/* End PBXGroup section */

/* Begin PBXNativeTarget section */
		CE9D6B3E2407BC8700946A7C /* macOS */ = {
			isa = PBXNativeTarget;
			buildConfigurationList = CE9D6B4D2407BC8700946A7C /* Build configuration list for PBXNativeTarget "macOS" */;
			buildPhases = (
				CE9D6B3B2407BC8700946A7C /* Sources */,
				CE9D6B3C2407BC8700946A7C /* Frameworks */,
				CE9D6B3D2407BC8700946A7C /* Resources */,
			);
			buildRules = (
			);
			dependencies = (
			);
			name = macOS;
			productName = macOS;
			productReference = CE9D6B502407BCB400946A7C /* Deforestation.app */;
			productType = "com.apple.product-type.application";
		};
/* End PBXNativeTarget section */

/* Begin PBXProject section */
		CE9D6B352407BC7200946A7C /* Project object */ = {
			isa = PBXProject;
			attributes = {
				LastSwiftUpdateCheck = 1130;
				LastUpgradeCheck = 1130;
				TargetAttributes = {
					CE9D6B3E2407BC8700946A7C = {
						CreatedOnToolsVersion = 11.3.1;
					};
				};
			};
			buildConfigurationList = CE9D6B382407BC7200946A7C /* Build configuration list for PBXProject "Deforestation" */;
			compatibilityVersion = "Xcode 9.3";
			developmentRegion = en;
			hasScannedForEncodings = 0;
			knownRegions = (
				en,
				Base,
			);
			mainGroup = CE9D6B342407BC7200946A7C;
			productRefGroup = CE9D6B342407BC7200946A7C;
			projectDirPath = "";
			projectRoot = "";
			targets = (
				CE9D6B3E2407BC8700946A7C /* macOS */,
			);
		};
/* End PBXProject section */

/* Begin PBXResourcesBuildPhase section */
		CE9D6B3D2407BC8700946A7C /* Resources */ = {
			isa = PBXResourcesBuildPhase;
			buildActionMask = 2147483647;
			files = (
				CE9D6B642407D1AB00946A7C /* PlayScene.sks in Resources */,
				CEF4D8C22407DFB40004FAE9 /* Tiles.sks in Resources */,
				CE9D6B472407BC8700946A7C /* Assets.xcassets in Resources */,
				CE9D6B5E2407CB5100946A7C /* Localizable.strings in Resources */,
			);
			runOnlyForDeploymentPostprocessing = 0;
		};
/* End PBXResourcesBuildPhase section */

/* Begin PBXSourcesBuildPhase section */
		CE9D6B3B2407BC8700946A7C /* Sources */ = {
			isa = PBXSourcesBuildPhase;
			buildActionMask = 2147483647;
			files = (
				CE1AE644240815DE00BDA566 /* SeaState.swift in Sources */,
				CE1AE646240815F800BDA566 /* PrepareState.swift in Sources */,
				CE9D6B452407BC8700946A7C /* Window.swift in Sources */,
				CE9D6B5B2407CAB700946A7C /* StartScene.swift in Sources */,
				CE9D6B432407BC8700946A7C /* App.swift in Sources */,
				CE1AE6402408147600BDA566 /* Node.swift in Sources */,
				CE9D6B572407C5C300946A7C /* StartState.swift in Sources */,
				CE9D6B552407C33600946A7C /* View.swift in Sources */,
				CE1AE64C2408167100BDA566 /* ForestState.swift in Sources */,
				CE9D6B602407CC8A00946A7C /* State.swift in Sources */,
				CE9D6B622407D0A600946A7C /* PlayScene.swift in Sources */,
				CE9D6B592407C9CD00946A7C /* PlayState.swift in Sources */,
				CE1AE6422408152300BDA566 /* NodeState.swift in Sources */,
				CE1AE6482408162D00BDA566 /* DesertState.swift in Sources */,
				CE1AE64A2408166100BDA566 /* GreenState.swift in Sources */,
			);
			runOnlyForDeploymentPostprocessing = 0;
		};
/* End PBXSourcesBuildPhase section */

/* Begin PBXVariantGroup section */
		CE9D6B5C2407CB5100946A7C /* Localizable.strings */ = {
			isa = PBXVariantGroup;
			children = (
				CE9D6B5D2407CB5100946A7C /* Base */,
			);
			name = Localizable.strings;
			sourceTree = "<group>";
		};
/* End PBXVariantGroup section */

/* Begin XCBuildConfiguration section */
		CE9D6B392407BC7200946A7C /* Debug */ = {
			isa = XCBuildConfiguration;
			buildSettings = {
				CLANG_ENABLE_MODULES = YES;
				DEBUG_INFORMATION_FORMAT = dwarf;
				GCC_OPTIMIZATION_LEVEL = 0;
				MACOSX_DEPLOYMENT_TARGET = 10.15;
				PRODUCT_NAME = Deforestation;
				SWIFT_INSTALL_OBJC_HEADER = NO;
				SWIFT_OPTIMIZATION_LEVEL = "-Onone";
				SWIFT_VERSION = 5.0;
			};
			name = Debug;
		};
		CE9D6B3A2407BC7200946A7C /* Release */ = {
			isa = XCBuildConfiguration;
			buildSettings = {
				CLANG_ENABLE_MODULES = YES;
				DEBUG_INFORMATION_FORMAT = "dwarf-with-dsym";
				GCC_OPTIMIZATION_LEVEL = 3;
				MACOSX_DEPLOYMENT_TARGET = 10.15;
				PRODUCT_NAME = Deforestation;
				SWIFT_COMPILATION_MODE = wholemodule;
				SWIFT_INSTALL_OBJC_HEADER = NO;
				SWIFT_VERSION = 5.0;
			};
			name = Release;
		};
		CE9D6B4E2407BC8700946A7C /* Debug */ = {
			isa = XCBuildConfiguration;
			buildSettings = {
				ALWAYS_SEARCH_USER_PATHS = NO;
				ASSETCATALOG_COMPILER_APPICON_NAME = AppIcon;
				CLANG_ANALYZER_NONNULL = YES;
				CLANG_ANALYZER_NUMBER_OBJECT_CONVERSION = YES_AGGRESSIVE;
				CLANG_CXX_LANGUAGE_STANDARD = "gnu++14";
				CLANG_CXX_LIBRARY = "libc++";
				CLANG_ENABLE_OBJC_ARC = YES;
				CLANG_ENABLE_OBJC_WEAK = YES;
				CLANG_WARN_BLOCK_CAPTURE_AUTORELEASING = YES;
				CLANG_WARN_BOOL_CONVERSION = YES;
				CLANG_WARN_COMMA = YES;
				CLANG_WARN_CONSTANT_CONVERSION = YES;
				CLANG_WARN_DEPRECATED_OBJC_IMPLEMENTATIONS = YES;
				CLANG_WARN_DIRECT_OBJC_ISA_USAGE = YES_ERROR;
				CLANG_WARN_DOCUMENTATION_COMMENTS = YES;
				CLANG_WARN_EMPTY_BODY = YES;
				CLANG_WARN_ENUM_CONVERSION = YES;
				CLANG_WARN_INFINITE_RECURSION = YES;
				CLANG_WARN_INT_CONVERSION = YES;
				CLANG_WARN_NON_LITERAL_NULL_CONVERSION = YES;
				CLANG_WARN_OBJC_IMPLICIT_RETAIN_SELF = YES;
				CLANG_WARN_OBJC_LITERAL_CONVERSION = YES;
				CLANG_WARN_OBJC_ROOT_CLASS = YES_ERROR;
				CLANG_WARN_RANGE_LOOP_ANALYSIS = YES;
				CLANG_WARN_STRICT_PROTOTYPES = YES;
				CLANG_WARN_SUSPICIOUS_MOVE = YES;
				CLANG_WARN_UNGUARDED_AVAILABILITY = YES_AGGRESSIVE;
				CLANG_WARN_UNREACHABLE_CODE = YES;
				CLANG_WARN__DUPLICATE_METHOD_MATCH = YES;
				CODE_SIGN_ENTITLEMENTS = macOS/macOS.entitlements;
				CODE_SIGN_STYLE = Automatic;
				COMBINE_HIDPI_IMAGES = YES;
				COPY_PHASE_STRIP = NO;
				DEVELOPMENT_TEAM = 7AMWG3RLHN;
				ENABLE_HARDENED_RUNTIME = YES;
				ENABLE_STRICT_OBJC_MSGSEND = YES;
				ENABLE_TESTABILITY = YES;
				GCC_C_LANGUAGE_STANDARD = gnu11;
				GCC_DYNAMIC_NO_PIC = NO;
				GCC_NO_COMMON_BLOCKS = YES;
				GCC_PREPROCESSOR_DEFINITIONS = (
					"DEBUG=1",
					"$(inherited)",
				);
				GCC_WARN_64_TO_32_BIT_CONVERSION = YES;
				GCC_WARN_ABOUT_RETURN_TYPE = YES_ERROR;
				GCC_WARN_UNDECLARED_SELECTOR = YES;
				GCC_WARN_UNINITIALIZED_AUTOS = YES_AGGRESSIVE;
				GCC_WARN_UNUSED_FUNCTION = YES;
				GCC_WARN_UNUSED_VARIABLE = YES;
				INFOPLIST_FILE = macOS/Info.plist;
				LD_RUNPATH_SEARCH_PATHS = (
					"$(inherited)",
					"@executable_path/../Frameworks",
				);
				MARKETING_VERSION = 1;
				MTL_ENABLE_DEBUG_INFO = INCLUDE_SOURCE;
				MTL_FAST_MATH = YES;
				ONLY_ACTIVE_ARCH = YES;
				PRODUCT_BUNDLE_IDENTIFIER = deforestation.macOS;
				SDKROOT = macosx;
				SWIFT_ACTIVE_COMPILATION_CONDITIONS = DEBUG;
			};
			name = Debug;
		};
		CE9D6B4F2407BC8700946A7C /* Release */ = {
			isa = XCBuildConfiguration;
			buildSettings = {
				ALWAYS_SEARCH_USER_PATHS = NO;
				ASSETCATALOG_COMPILER_APPICON_NAME = AppIcon;
				CLANG_ANALYZER_NONNULL = YES;
				CLANG_ANALYZER_NUMBER_OBJECT_CONVERSION = YES_AGGRESSIVE;
				CLANG_CXX_LANGUAGE_STANDARD = "gnu++14";
				CLANG_CXX_LIBRARY = "libc++";
				CLANG_ENABLE_OBJC_ARC = YES;
				CLANG_ENABLE_OBJC_WEAK = YES;
				CLANG_WARN_BLOCK_CAPTURE_AUTORELEASING = YES;
				CLANG_WARN_BOOL_CONVERSION = YES;
				CLANG_WARN_COMMA = YES;
				CLANG_WARN_CONSTANT_CONVERSION = YES;
				CLANG_WARN_DEPRECATED_OBJC_IMPLEMENTATIONS = YES;
				CLANG_WARN_DIRECT_OBJC_ISA_USAGE = YES_ERROR;
				CLANG_WARN_DOCUMENTATION_COMMENTS = YES;
				CLANG_WARN_EMPTY_BODY = YES;
				CLANG_WARN_ENUM_CONVERSION = YES;
				CLANG_WARN_INFINITE_RECURSION = YES;
				CLANG_WARN_INT_CONVERSION = YES;
				CLANG_WARN_NON_LITERAL_NULL_CONVERSION = YES;
				CLANG_WARN_OBJC_IMPLICIT_RETAIN_SELF = YES;
				CLANG_WARN_OBJC_LITERAL_CONVERSION = YES;
				CLANG_WARN_OBJC_ROOT_CLASS = YES_ERROR;
				CLANG_WARN_RANGE_LOOP_ANALYSIS = YES;
				CLANG_WARN_STRICT_PROTOTYPES = YES;
				CLANG_WARN_SUSPICIOUS_MOVE = YES;
				CLANG_WARN_UNGUARDED_AVAILABILITY = YES_AGGRESSIVE;
				CLANG_WARN_UNREACHABLE_CODE = YES;
				CLANG_WARN__DUPLICATE_METHOD_MATCH = YES;
				CODE_SIGN_ENTITLEMENTS = macOS/macOS.entitlements;
				CODE_SIGN_STYLE = Automatic;
				COMBINE_HIDPI_IMAGES = YES;
				COPY_PHASE_STRIP = NO;
				DEVELOPMENT_TEAM = 7AMWG3RLHN;
				ENABLE_HARDENED_RUNTIME = YES;
				ENABLE_NS_ASSERTIONS = NO;
				ENABLE_STRICT_OBJC_MSGSEND = YES;
				GCC_C_LANGUAGE_STANDARD = gnu11;
				GCC_NO_COMMON_BLOCKS = YES;
				GCC_WARN_64_TO_32_BIT_CONVERSION = YES;
				GCC_WARN_ABOUT_RETURN_TYPE = YES_ERROR;
				GCC_WARN_UNDECLARED_SELECTOR = YES;
				GCC_WARN_UNINITIALIZED_AUTOS = YES_AGGRESSIVE;
				GCC_WARN_UNUSED_FUNCTION = YES;
				GCC_WARN_UNUSED_VARIABLE = YES;
				INFOPLIST_FILE = macOS/Info.plist;
				LD_RUNPATH_SEARCH_PATHS = (
					"$(inherited)",
					"@executable_path/../Frameworks",
				);
				MARKETING_VERSION = 1;
				MTL_ENABLE_DEBUG_INFO = NO;
				MTL_FAST_MATH = YES;
				PRODUCT_BUNDLE_IDENTIFIER = deforestation.macOS;
				SDKROOT = macosx;
			};
			name = Release;
		};
/* End XCBuildConfiguration section */

/* Begin XCConfigurationList section */
		CE9D6B382407BC7200946A7C /* Build configuration list for PBXProject "Deforestation" */ = {
			isa = XCConfigurationList;
			buildConfigurations = (
				CE9D6B392407BC7200946A7C /* Debug */,
				CE9D6B3A2407BC7200946A7C /* Release */,
			);
			defaultConfigurationIsVisible = 0;
			defaultConfigurationName = Release;
		};
		CE9D6B4D2407BC8700946A7C /* Build configuration list for PBXNativeTarget "macOS" */ = {
			isa = XCConfigurationList;
			buildConfigurations = (
				CE9D6B4E2407BC8700946A7C /* Debug */,
				CE9D6B4F2407BC8700946A7C /* Release */,
			);
			defaultConfigurationIsVisible = 0;
			defaultConfigurationName = Release;
		};
/* End XCConfigurationList section */
	};
	rootObject = CE9D6B352407BC7200946A7C /* Project object */;
}
